
Microsoft Visual Studio Solution File, Format Version 12.00
# Visual Studio Version 16
VisualStudioVersion = 16.0.31112.23
MinimumVisualStudioVersion = 10.0.40219.1
Project("{FAE04EC0-301F-11D3-BF4B-00C04F79EFBC}") = "InheritanceGameDemo", "InheritanceGameDemo\InheritanceGameDemo.csproj", "{796854CB-FA61-4B9E-9B93-0C7A67867CDF}"
EndProject
Global
	GlobalSection(SolutionConfigurationPlatforms) = preSolution
		Debug|Any CPU = Debug|Any CPU
		Release|Any CPU = Release|Any CPU
	EndGlobalSection
	GlobalSection(ProjectConfigurationPlatforms) = postSolution
		{796854CB-FA61-4B9E-9B93-0C7A67867CDF}.Debug|Any CPU.ActiveCfg = Debug|Any CPU
		{796854CB-FA61-4B9E-9B93-0C7A67867CDF}.Debug|Any CPU.Build.0 = Debug|Any CPU
		{796854CB-FA61-4B9E-9B93-0C7A67867CDF}.Release|Any CPU.ActiveCfg = Release|Any CPU
		{796854CB-FA61-4B9E-9B93-0C7A67867CDF}.Release|Any CPU.Build.0 = Release|Any CPU
	EndGlobalSection
	GlobalSection(SolutionProperties) = preSolution
		HideSolutionNode = FALSE
	EndGlobalSection
	GlobalSection(ExtensibilityGlobals) = postSolution
		SolutionGuid = {A1F7307B-DB8B-4A92-B87E-D173DCF75F6C}
	EndGlobalSection
EndGlobal
